
Microsoft Visual Studio Solution File, Format Version 12.00
# Visual Studio 15
Project("{FAE04EC0-301F-11D3-BF4B-00C04F79EFBC}") = "Assembly-CSharp", "Assembly-CSharp.csproj", "{7C97B314-D988-2814-5F18-9168B4E2CB1F}"
EndProject
Project("{FAE04EC0-301F-11D3-BF4B-00C04F79EFBC}") = "Assembly-CSharp-Editor", "Assembly-CSharp-Editor.csproj", "{F22F2D7A-3B01-30CE-F419-07CCB96F9362}"
EndProject
Global
	GlobalSection(SolutionConfigurationPlatforms) = preSolution
		Debug|Any CPU = Debug|Any CPU
		Release|Any CPU = Release|Any CPU
	EndGlobalSection
	GlobalSection(ProjectConfigurationPlatforms) = postSolution
		{7C97B314-D988-2814-5F18-9168B4E2CB1F}.Debug|Any CPU.ActiveCfg = Debug|Any CPU
		{7C97B314-D988-2814-5F18-9168B4E2CB1F}.Debug|Any CPU.Build.0 = Debug|Any CPU
		{7C97B314-D988-2814-5F18-9168B4E2CB1F}.Release|Any CPU.ActiveCfg = Release|Any CPU
		{7C97B314-D988-2814-5F18-9168B4E2CB1F}.Release|Any CPU.Build.0 = Release|Any CPU
		{F22F2D7A-3B01-30CE-F419-07CCB96F9362}.Debug|Any CPU.ActiveCfg = Debug|Any CPU
		{F22F2D7A-3B01-30CE-F419-07CCB96F9362}.Debug|Any CPU.Build.0 = Debug|Any CPU
		{F22F2D7A-3B01-30CE-F419-07CCB96F9362}.Release|Any CPU.ActiveCfg = Release|Any CPU
		{F22F2D7A-3B01-30CE-F419-07CCB96F9362}.Release|Any CPU.Build.0 = Release|Any CPU
	EndGlobalSection
	GlobalSection(SolutionProperties) = preSolution
		HideSolutionNode = FALSE
	EndGlobalSection
EndGlobal
